Microsoft Visual Studio Solution File, Format Version 12.00
# Visual Studio Version 16
VisualStudioVersion = 16.0.30523.141
MinimumVisualStudioVersion = 10.0.40219.1
Project("{FAE04EC0-301F-11D3-BF4B-00C04F79EFBC}") = "lab05", "/Users/demonblo/Documents/GitHub/BMSTU_IU7_7_SEM/Data_security/lab05/lab_05/lab05.csproj", "{FAEE9AEE-B63F-488E-92D8-D690E443C9CC}"
EndProject
Global
	GlobalSection(SolutionConfigurationPlatforms) = preSolution
		Debug|Any CPU = Debug|Any CPU
		Release|Any CPU = Release|Any CPU
	EndGlobalSection
	GlobalSection(ProjectConfigurationPlatforms) = postSolution
		{FAEE9AEE-B63F-488E-92D8-D690E443C9CC}.Debug|Any CPU.ActiveCfg = Debug|Any CPU
		{FAEE9AEE-B63F-488E-92D8-D690E443C9CC}.Debug|Any CPU.Build.0 = Debug|Any CPU
		{FAEE9AEE-B63F-488E-92D8-D690E443C9CC}.Release|Any CPU.ActiveCfg = Release|Any CPU
		{FAEE9AEE-B63F-488E-92D8-D690E443C9CC}.Release|Any CPU.Build.0 = Release|Any CPU
	EndGlobalSection
	GlobalSection(SolutionProperties) = preSolution
		HideSolutionNode = FALSE
	EndGlobalSection
	GlobalSection(ExtensibilityGlobals) = postSolution
		SolutionGuid = {4316970A-9FF3-4990-AA48-3B95E9599167}
	EndGlobalSection
EndGlobal