Microsoft Visual Studio Solution File, Format Version 12.00
# Visual Studio Version 16
VisualStudioVersion = 16.0.30523.141
MinimumVisualStudioVersion = 10.0.40219.1
Project("{FAE04EC0-301F-11D3-BF4B-00C04F79EFBC}") = "lab06", "/Users/demonblo/Documents/GitHub/BMSTU_IU7_7_SEM/Data_security/lab06/lab_06/lab06.csproj", "{4245C3EF-A5D2-4E0C-AB95-26F7C4ED7744}"
EndProject
Global
	GlobalSection(SolutionConfigurationPlatforms) = preSolution
		Debug|Any CPU = Debug|Any CPU
		Release|Any CPU = Release|Any CPU
	EndGlobalSection
	GlobalSection(ProjectConfigurationPlatforms) = postSolution
		{4245C3EF-A5D2-4E0C-AB95-26F7C4ED7744}.Debug|Any CPU.ActiveCfg = Debug|Any CPU
		{4245C3EF-A5D2-4E0C-AB95-26F7C4ED7744}.Debug|Any CPU.Build.0 = Debug|Any CPU
		{4245C3EF-A5D2-4E0C-AB95-26F7C4ED7744}.Release|Any CPU.ActiveCfg = Release|Any CPU
		{4245C3EF-A5D2-4E0C-AB95-26F7C4ED7744}.Release|Any CPU.Build.0 = Release|Any CPU
	EndGlobalSection
	GlobalSection(SolutionProperties) = preSolution
		HideSolutionNode = FALSE
	EndGlobalSection
	GlobalSection(ExtensibilityGlobals) = postSolution
		SolutionGuid = {941A6E72-1254-42C7-99BB-5D530C73B9A3}
	EndGlobalSection
EndGlobal