Microsoft Visual Studio Solution File, Format Version 12.00
# Visual Studio Version 16
VisualStudioVersion = 16.0.30523.141
MinimumVisualStudioVersion = 10.0.40219.1
Project("{FAE04EC0-301F-11D3-BF4B-00C04F79EFBC}") = "lab04", "lab04\lab04.csproj", "{5FDC2F9C-0C98-40DF-AD0D-30B3BF652E16}"
EndProject
Global
	GlobalSection(SolutionConfigurationPlatforms) = preSolution
		Debug|Any CPU = Debug|Any CPU
		Release|Any CPU = Release|Any CPU
	EndGlobalSection
	GlobalSection(ProjectConfigurationPlatforms) = postSolution
		{5FDC2F9C-0C98-40DF-AD0D-30B3BF652E16}.Debug|Any CPU.ActiveCfg = Debug|Any CPU
		{5FDC2F9C-0C98-40DF-AD0D-30B3BF652E16}.Debug|Any CPU.Build.0 = Debug|Any CPU
		{5FDC2F9C-0C98-40DF-AD0D-30B3BF652E16}.Release|Any CPU.ActiveCfg = Release|Any CPU
		{5FDC2F9C-0C98-40DF-AD0D-30B3BF652E16}.Release|Any CPU.Build.0 = Release|Any CPU
	EndGlobalSection
	GlobalSection(SolutionProperties) = preSolution
		HideSolutionNode = FALSE
	EndGlobalSection
	GlobalSection(ExtensibilityGlobals) = postSolution
		SolutionGuid = {AB1DAE3C-1C0F-4035-944A-82B3767010B2}
	EndGlobalSection
EndGlobal